dependencies:
- name: sveltos-crds
  repository: https://projectsveltos.github.io/helm-charts
  version: 1.9.0
- name: projectsveltos
  repository: https://projectsveltos.github.io/helm-charts
  version: 1.9.0
digest: sha256:d449a3b9e6c8a3b85228529abd4fca4e7e75c86711108a4af5adc3611aa527bd
generated: "2026-05-11T11:49:07.43691-04:00"
