dependencies:
- name: sveltos-crds
  repository: https://projectsveltos.github.io/helm-charts
  version: 1.14.0
- name: projectsveltos
  repository: https://projectsveltos.github.io/helm-charts
  version: 1.14.0
digest: sha256:0af797a913dbd35488759cee49513d50eb3b371ad8d7485da53d74e15a74ac78
generated: "2026-08-24T12:26:17.78273+01:00"
