dependencies:
- name: flux2
  repository: https://fluxcd-community.github.io/helm-charts
  version: 2.13.0
- name: cert-manager
  repository: https://charts.jetstack.io
  version: v1.15.1
- name: cluster-api-operator
  repository: https://kubernetes-sigs.github.io/cluster-api-operator
  version: 0.12.0
- name: projectsveltos
  repository: https://projectsveltos.github.io/helm-charts
  version: 0.37.0
digest: sha256:548c999cebe4226e30804c1d3f6903dbf5ac2e1d8d6088776bb19a4cc33846ff
generated: "2024-09-04T00:24:49.648986-04:00"
